
Microsoft Visual Studio Solution File, Format Version 12.00
# Visual Studio Version 16
VisualStudioVersion = 16.0.30503.244
MinimumVisualStudioVersion = 10.0.40219.1
Project("{FAE04EC0-301F-11D3-BF4B-00C04F79EFBC}") = "SchoolProject", "SchoolProject\SchoolProject.csproj", "{EBE5BEFF-1628-4907-B54D-57136A9DB603}"
EndProject
Global
	GlobalSection(SolutionConfigurationPlatforms) = preSolution
		Debug|Any CPU = Debug|Any CPU
		Release|Any CPU = Release|Any CPU
	EndGlobalSection
	GlobalSection(ProjectConfigurationPlatforms) = postSolution
		{EBE5BEFF-1628-4907-B54D-57136A9DB603}.Debug|Any CPU.ActiveCfg = Debug|Any CPU
		{EBE5BEFF-1628-4907-B54D-57136A9DB603}.Debug|Any CPU.Build.0 = Debug|Any CPU
		{EBE5BEFF-1628-4907-B54D-57136A9DB603}.Release|Any CPU.ActiveCfg = Release|Any CPU
		{EBE5BEFF-1628-4907-B54D-57136A9DB603}.Release|Any CPU.Build.0 = Release|Any CPU
	EndGlobalSection
	GlobalSection(SolutionProperties) = preSolution
		HideSolutionNode = FALSE
	EndGlobalSection
	GlobalSection(ExtensibilityGlobals) = postSolution
		SolutionGuid = {CCD44209-0D76-49C1-AFA0-CE300FD3252A}
	EndGlobalSection
EndGlobal
